// !$*UTF8*$!
{
	archiveVersion = 1;
	classes = {
	};
	objectVersion = 50;
	objects = {

/* Begin PBXBuildFile section */
		70A77075228A9CFC00A08A99 /* AppDelegate.swift in Sources */ = {isa = PBXBuildFile; fileRef = 70A77074228A9CFC00A08A99 /* AppDelegate.swift */; };
		70A77077228A9CFC00A08A99 /* ViewController.swift in Sources */ = {isa = PBXBuildFile; fileRef = 70A77076228A9CFC00A08A99 /* ViewController.swift */; };
		70A7707A228A9CFC00A08A99 /* Main.storyboard in Resources */ = {isa = PBXBuildFile; fileRef = 70A77078228A9CFC00A08A99 /* Main.storyboard */; };
		70A7707C228A9CFF00A08A99 /* Assets.xcassets in Resources */ = {isa = PBXBuildFile; fileRef = 70A7707B228A9CFF00A08A99 /* Assets.xcassets */; };
		70A7707F228A9CFF00A08A99 /* LaunchScreen.storyboard in Resources */ = {isa = PBXBuildFile; fileRef = 70A7707D228A9CFF00A08A99 /* LaunchScreen.storyboard */; };
		70A77087228AA30D00A08A99 /* EmotionData.swift in Sources */ = {isa = PBXBuildFile; fileRef = 70A77086228AA30D00A08A99 /* EmotionData.swift */; };
		70A77089228AA42900A08A99 /* UserEmotionData.swift in Sources */ = {isa = PBXBuildFile; fileRef = 70A77088228AA42900A08A99 /* UserEmotionData.swift */; };
		70A7708B228AA50B00A08A99 /* AddEmotionRecordViewController.swift in Sources */ = {isa = PBXBuildFile; fileRef = 70A7708A228AA50B00A08A99 /* AddEmotionRecordViewController.swift */; };
		70A7708D228AB19300A08A99 /* AngerRecordsViewController.swift in Sources */ = {isa = PBXBuildFile; fileRef = 70A7708C228AB19300A08A99 /* AngerRecordsViewController.swift */; };
		70A7708F228AB24200A08A99 /* AngerRecordCollectionViewCell.swift in Sources */ = {isa = PBXBuildFile; fileRef = 70A7708E228AB24200A08A99 /* AngerRecordCollectionViewCell.swift */; };
		70A770E1228BBE8E00A08A99 /* MyParticle.sks in Resources */ = {isa = PBXBuildFile; fileRef = 70A770E0228BBE8E00A08A99 /* MyParticle.sks */; };
		70A770E7228C1FD500A08A99 /* MyCustomSlider.swift in Sources */ = {isa = PBXBuildFile; fileRef = 70A770E6228C1FD500A08A99 /* MyCustomSlider.swift */; };
		70A770E9228C226800A08A99 /* Particle View.swift in Sources */ = {isa = PBXBuildFile; fileRef = 70A770E8228C226800A08A99 /* Particle View.swift */; };
		70A770EB228C269900A08A99 /* MyParticle2.sks in Resources */ = {isa = PBXBuildFile; fileRef = 70A770EA228C269900A08A99 /* MyParticle2.sks */; };
		70A770F3228C289D00A08A99 /* MyParticle3.sks in Resources */ = {isa = PBXBuildFile; fileRef = 70A770F1228C289D00A08A99 /* MyParticle3.sks */; };
		70A770F4228C289D00A08A99 /* Assets.xcassets in Resources */ = {isa = PBXBuildFile; fileRef = 70A770F2228C289D00A08A99 /* Assets.xcassets */; };
		70A770F6228C296700A08A99 /* MyParticle4.sks in Resources */ = {isa = PBXBuildFile; fileRef = 70A770F5228C296700A08A99 /* MyParticle4.sks */; };
		70A770F8228C2A0500A08A99 /* MyParticle5.sks in Resources */ = {isa = PBXBuildFile; fileRef = 70A770F7228C2A0500A08A99 /* MyParticle5.sks */; };
/* End PBXBuildFile section */

/* Begin PBXFileReference section */
		70A77071228A9CFC00A08A99 /* AngerTracker.app */ = {isa = PBXFileReference; explicitFileType = wrapper.application; includeInIndex = 0; path = AngerTracker.app; sourceTree = BUILT_PRODUCTS_DIR; };
		70A77074228A9CFC00A08A99 /* AppDelegate.swift */ = {isa = PBXFileReference; lastKnownFileType = sourcecode.swift; path = AppDelegate.swift; sourceTree = "<group>"; };
		70A77076228A9CFC00A08A99 /* ViewController.swift */ = {isa = PBXFileReference; lastKnownFileType = sourcecode.swift; path = ViewController.swift; sourceTree = "<group>"; };
		70A77079228A9CFC00A08A99 /* Base */ = {isa = PBXFileReference; lastKnownFileType = file.storyboard; name = Base; path = Base.lproj/Main.storyboard; sourceTree = "<group>"; };
		70A7707B228A9CFF00A08A99 /* Assets.xcassets */ = {isa = PBXFileReference; lastKnownFileType = folder.assetcatalog; path = Assets.xcassets; sourceTree = "<group>"; };
		70A7707E228A9CFF00A08A99 /* Base */ = {isa = PBXFileReference; lastKnownFileType = file.storyboard; name = Base; path = Base.lproj/LaunchScreen.storyboard; sourceTree = "<group>"; };
		70A77080228A9CFF00A08A99 /* Info.plist */ = {isa = PBXFileReference; lastKnownFileType = text.plist.xml; path = Info.plist; sourceTree = "<group>"; };
		70A77086228AA30D00A08A99 /* EmotionData.swift */ = {isa = PBXFileReference; lastKnownFileType = sourcecode.swift; path = EmotionData.swift; sourceTree = "<group>"; };
		70A77088228AA42900A08A99 /* UserEmotionData.swift */ = {isa = PBXFileReference; lastKnownFileType = sourcecode.swift; path = UserEmotionData.swift; sourceTree = "<group>"; };
		70A7708A228AA50B00A08A99 /* AddEmotionRecordViewController.swift */ = {isa = PBXFileReference; lastKnownFileType = sourcecode.swift; path = AddEmotionRecordViewController.swift; sourceTree = "<group>"; };
		70A7708C228AB19300A08A99 /* AngerRecordsViewController.swift */ = {isa = PBXFileReference; lastKnownFileType = sourcecode.swift; path = AngerRecordsViewController.swift; sourceTree = "<group>"; };
		70A7708E228AB24200A08A99 /* AngerRecordCollectionViewCell.swift */ = {isa = PBXFileReference; lastKnownFileType = sourcecode.swift; path = AngerRecordCollectionViewCell.swift; sourceTree = "<group>"; };
		70A770E0228BBE8E00A08A99 /* MyParticle.sks */ = {isa = PBXFileReference; lastKnownFileType = file.sks; path = MyParticle.sks; sourceTree = "<group>"; };
		70A770E6228C1FD500A08A99 /* MyCustomSlider.swift */ = {isa = PBXFileReference; lastKnownFileType = sourcecode.swift; path = MyCustomSlider.swift; sourceTree = "<group>"; };
		70A770E8228C226800A08A99 /* Particle View.swift */ = {isa = PBXFileReference; lastKnownFileType = sourcecode.swift; path = "Particle View.swift"; sourceTree = "<group>"; };
		70A770EA228C269900A08A99 /* MyParticle2.sks */ = {isa = PBXFileReference; lastKnownFileType = file.sks; path = MyParticle2.sks; sourceTree = "<group>"; };
		70A770F1228C289D00A08A99 /* MyParticle3.sks */ = {isa = PBXFileReference; lastKnownFileType = file.sks; path = MyParticle3.sks; sourceTree = "<group>"; };
		70A770F2228C289D00A08A99 /* Assets.xcassets */ = {isa = PBXFileReference; lastKnownFileType = folder.assetcatalog; path = Assets.xcassets; sourceTree = "<group>"; };
		70A770F5228C296700A08A99 /* MyParticle4.sks */ = {isa = PBXFileReference; lastKnownFileType = file.sks; path = MyParticle4.sks; sourceTree = "<group>"; };
		70A770F7228C2A0500A08A99 /* MyParticle5.sks */ = {isa = PBXFileReference; lastKnownFileType = file.sks; path = MyParticle5.sks; sourceTree = "<group>"; };
/* End PBXFileReference section */

/* Begin PBXFrameworksBuildPhase section */
		70A7706E228A9CFC00A08A99 /* Frameworks */ = {
			isa = PBXFrameworksBuildPhase;
			buildActionMask = 2147483647;
			files = (
			);
			runOnlyForDeploymentPostprocessing = 0;
		};
/* End PBXFrameworksBuildPhase section */

/* Begin PBXGroup section */
		70A77068228A9CFC00A08A99 = {
			isa = PBXGroup;
			children = (
				70A77080228A9CFF00A08A99 /* Info.plist */,
				70A77073228A9CFC00A08A99 /* AngerTracker */,
				70A7707B228A9CFF00A08A99 /* Assets.xcassets */,
				70A7707D228A9CFF00A08A99 /* LaunchScreen.storyboard */,
				70A77074228A9CFC00A08A99 /* AppDelegate.swift */,
				70A77072228A9CFC00A08A99 /* Products */,
			);
			sourceTree = "<group>";
		};
		70A77072228A9CFC00A08A99 /* Products */ = {
			isa = PBXGroup;
			children = (
				70A77071228A9CFC00A08A99 /* AngerTracker.app */,
			);
			name = Products;
			sourceTree = "<group>";
		};
		70A77073228A9CFC00A08A99 /* AngerTracker */ = {
			isa = PBXGroup;
			children = (
				70A77076228A9CFC00A08A99 /* ViewController.swift */,
				70A77078228A9CFC00A08A99 /* Main.storyboard */,
				70A770F0228C272200A08A99 /* Datas */,
				70A770EF228C271200A08A99 /* Add Record */,
				70A770ED228C26AC00A08A99 /* UI Subclasses */,
				70A770EC228C26A000A08A99 /* SKS Files */,
				70A770EE228C26CB00A08A99 /* Records Screen */,
			);
			path = AngerTracker;
			sourceTree = "<group>";
		};
		70A770EC228C26A000A08A99 /* SKS Files */ = {
			isa = PBXGroup;
			children = (
				70A770E0228BBE8E00A08A99 /* MyParticle.sks */,
				70A770EA228C269900A08A99 /* MyParticle2.sks */,
				70A770F1228C289D00A08A99 /* MyParticle3.sks */,
				70A770F2228C289D00A08A99 /* Assets.xcassets */,
				70A770F5228C296700A08A99 /* MyParticle4.sks */,
				70A770F7228C2A0500A08A99 /* MyParticle5.sks */,
			);
			path = "SKS Files";
			sourceTree = "<group>";
		};
		70A770ED228C26AC00A08A99 /* UI Subclasses */ = {
			isa = PBXGroup;
			children = (
				70A770E6228C1FD500A08A99 /* MyCustomSlider.swift */,
				70A770E8228C226800A08A99 /* Particle View.swift */,
			);
			path = "UI Subclasses";
			sourceTree = "<group>";
		};
		70A770EE228C26CB00A08A99 /* Records Screen */ = {
			isa = PBXGroup;
			children = (
				70A7708C228AB19300A08A99 /* AngerRecordsViewController.swift */,
				70A7708E228AB24200A08A99 /* AngerRecordCollectionViewCell.swift */,
			);
			path = "Records Screen";
			sourceTree = "<group>";
		};
		70A770EF228C271200A08A99 /* Add Record */ = {
			isa = PBXGroup;
			children = (
				70A7708A228AA50B00A08A99 /* AddEmotionRecordViewController.swift */,
			);
			path = "Add Record";
			sourceTree = "<group>";
		};
		70A770F0228C272200A08A99 /* Datas */ = {
			isa = PBXGroup;
			children = (
				70A77086228AA30D00A08A99 /* EmotionData.swift */,
				70A77088228AA42900A08A99 /* UserEmotionData.swift */,
			);
			path = Datas;
			sourceTree = "<group>";
		};
/* End PBXGroup section */

/* Begin PBXNativeTarget section */
		70A77070228A9CFC00A08A99 /* AngerTracker */ = {
			isa = PBXNativeTarget;
			buildConfigurationList = 70A77083228A9CFF00A08A99 /* Build configuration list for PBXNativeTarget "AngerTracker" */;
			buildPhases = (
				70A7706D228A9CFC00A08A99 /* Sources */,
				70A7706E228A9CFC00A08A99 /* Frameworks */,
				70A7706F228A9CFC00A08A99 /* Resources */,
			);
			buildRules = (
			);
			dependencies = (
			);
			name = AngerTracker;
			productName = AngerTracker;
			productReference = 70A77071228A9CFC00A08A99 /* AngerTracker.app */;
			productType = "com.apple.product-type.application";
		};
/* End PBXNativeTarget section */

/* Begin PBXProject section */
		70A77069228A9CFC00A08A99 /* Project object */ = {
			isa = PBXProject;
			attributes = {
				LastSwiftUpdateCheck = 1020;
				LastUpgradeCheck = 1020;
				ORGANIZATIONNAME = "Jesse Joseph";
				TargetAttributes = {
					70A77070228A9CFC00A08A99 = {
						CreatedOnToolsVersion = 10.2.1;
					};
				};
			};
			buildConfigurationList = 70A7706C228A9CFC00A08A99 /* Build configuration list for PBXProject "AngerTracker" */;
			compatibilityVersion = "Xcode 9.3";
			developmentRegion = en;
			hasScannedForEncodings = 0;
			knownRegions = (
				en,
				Base,
			);
			mainGroup = 70A77068228A9CFC00A08A99;
			productRefGroup = 70A77072228A9CFC00A08A99 /* Products */;
			projectDirPath = "";
			projectRoot = "";
			targets = (
				70A77070228A9CFC00A08A99 /* AngerTracker */,
			);
		};
/* End PBXProject section */

/* Begin PBXResourcesBuildPhase section */
		70A7706F228A9CFC00A08A99 /* Resources */ = {
			isa = PBXResourcesBuildPhase;
			buildActionMask = 2147483647;
			files = (
				70A7707F228A9CFF00A08A99 /* LaunchScreen.storyboard in Resources */,
				70A770F3228C289D00A08A99 /* MyParticle3.sks in Resources */,
				70A7707C228A9CFF00A08A99 /* Assets.xcassets in Resources */,
				70A7707A228A9CFC00A08A99 /* Main.storyboard in Resources */,
				70A770F6228C296700A08A99 /* MyParticle4.sks in Resources */,
				70A770F4228C289D00A08A99 /* Assets.xcassets in Resources */,
				70A770E1228BBE8E00A08A99 /* MyParticle.sks in Resources */,
				70A770F8228C2A0500A08A99 /* MyParticle5.sks in Resources */,
				70A770EB228C269900A08A99 /* MyParticle2.sks in Resources */,
			);
			runOnlyForDeploymentPostprocessing = 0;
		};
/* End PBXResourcesBuildPhase section */

/* Begin PBXSourcesBuildPhase section */
		70A7706D228A9CFC00A08A99 /* Sources */ = {
			isa = PBXSourcesBuildPhase;
			buildActionMask = 2147483647;
			files = (
				70A77089228AA42900A08A99 /* UserEmotionData.swift in Sources */,
				70A77077228A9CFC00A08A99 /* ViewController.swift in Sources */,
				70A7708D228AB19300A08A99 /* AngerRecordsViewController.swift in Sources */,
				70A770E7228C1FD500A08A99 /* MyCustomSlider.swift in Sources */,
				70A7708F228AB24200A08A99 /* AngerRecordCollectionViewCell.swift in Sources */,
				70A77087228AA30D00A08A99 /* EmotionData.swift in Sources */,
				70A7708B228AA50B00A08A99 /* AddEmotionRecordViewController.swift in Sources */,
				70A770E9228C226800A08A99 /* Particle View.swift in Sources */,
				70A77075228A9CFC00A08A99 /* AppDelegate.swift in Sources */,
			);
			runOnlyForDeploymentPostprocessing = 0;
		};
/* End PBXSourcesBuildPhase section */

/* Begin PBXVariantGroup section */
		70A77078228A9CFC00A08A99 /* Main.storyboard */ = {
			isa = PBXVariantGroup;
			children = (
				70A77079228A9CFC00A08A99 /* Base */,
			);
			name = Main.storyboard;
			sourceTree = "<group>";
		};
		70A7707D228A9CFF00A08A99 /* LaunchScreen.storyboard */ = {
			isa = PBXVariantGroup;
			children = (
				70A7707E228A9CFF00A08A99 /* Base */,
			);
			name = LaunchScreen.storyboard;
			sourceTree = "<group>";
		};
/* End PBXVariantGroup section */

/* Begin XCBuildConfiguration section */
		70A77081228A9CFF00A08A99 /* Debug */ = {
			isa = XCBuildConfiguration;
			buildSettings = {
				ALWAYS_SEARCH_USER_PATHS = NO;
				CLANG_ANALYZER_NONNULL = YES;
				CLANG_ANALYZER_NUMBER_OBJECT_CONVERSION = YES_AGGRESSIVE;
				CLANG_CXX_LANGUAGE_STANDARD = "gnu++14";
				CLANG_CXX_LIBRARY = "libc++";
				CLANG_ENABLE_MODULES = YES;
				CLANG_ENABLE_OBJC_ARC = YES;
				CLANG_ENABLE_OBJC_WEAK = YES;
				CLANG_WARN_BLOCK_CAPTURE_AUTORELEASING = YES;
				CLANG_WARN_BOOL_CONVERSION = YES;
				CLANG_WARN_COMMA = YES;
				CLANG_WARN_CONSTANT_CONVERSION = YES;
				CLANG_WARN_DEPRECATED_OBJC_IMPLEMENTATIONS = YES;
				CLANG_WARN_DIRECT_OBJC_ISA_USAGE = YES_ERROR;
				CLANG_WARN_DOCUMENTATION_COMMENTS = YES;
				CLANG_WARN_EMPTY_BODY = YES;
				CLANG_WARN_ENUM_CONVERSION = YES;
				CLANG_WARN_INFINITE_RECURSION = YES;
				CLANG_WARN_INT_CONVERSION = YES;
				CLANG_WARN_NON_LITERAL_NULL_CONVERSION = YES;
				CLANG_WARN_OBJC_IMPLICIT_RETAIN_SELF = YES;
				CLANG_WARN_OBJC_LITERAL_CONVERSION = YES;
				CLANG_WARN_OBJC_ROOT_CLASS = YES_ERROR;
				CLANG_WARN_RANGE_LOOP_ANALYSIS = YES;
				CLANG_WARN_STRICT_PROTOTYPES = YES;
				CLANG_WARN_SUSPICIOUS_MOVE = YES;
				CLANG_WARN_UNGUARDED_AVAILABILITY = YES_AGGRESSIVE;
				CLANG_WARN_UNREACHABLE_CODE = YES;
				CLANG_WARN__DUPLICATE_METHOD_MATCH = YES;
				CODE_SIGN_IDENTITY = "iPhone Developer";
				COPY_PHASE_STRIP = NO;
				DEBUG_INFORMATION_FORMAT = dwarf;
				ENABLE_STRICT_OBJC_MSGSEND = YES;
				ENABLE_TESTABILITY = YES;
				GCC_C_LANGUAGE_STANDARD = gnu11;
				GCC_DYNAMIC_NO_PIC = NO;
				GCC_NO_COMMON_BLOCKS = YES;
				GCC_OPTIMIZATION_LEVEL = 0;
				GCC_PREPROCESSOR_DEFINITIONS = (
					"DEBUG=1",
					"$(inherited)",
				);
				GCC_WARN_64_TO_32_BIT_CONVERSION = YES;
				GCC_WARN_ABOUT_RETURN_TYPE = YES_ERROR;
				GCC_WARN_UNDECLARED_SELECTOR = YES;
				GCC_WARN_UNINITIALIZED_AUTOS = YES_AGGRESSIVE;
				GCC_WARN_UNUSED_FUNCTION = YES;
				GCC_WARN_UNUSED_VARIABLE = YES;
				IPHONEOS_DEPLOYMENT_TARGET = 12.2;
				MTL_ENABLE_DEBUG_INFO = INCLUDE_SOURCE;
				MTL_FAST_MATH = YES;
				ONLY_ACTIVE_ARCH = YES;
				SDKROOT = iphoneos;
				SWIFT_ACTIVE_COMPILATION_CONDITIONS = DEBUG;
				SWIFT_OPTIMIZATION_LEVEL = "-Onone";
			};
			name = Debug;
		};
		70A77082228A9CFF00A08A99 /* Release */ = {
			isa = XCBuildConfiguration;
			buildSettings = {
				ALWAYS_SEARCH_USER_PATHS = NO;
				CLANG_ANALYZER_NONNULL = YES;
				CLANG_ANALYZER_NUMBER_OBJECT_CONVERSION = YES_AGGRESSIVE;
				CLANG_CXX_LANGUAGE_STANDARD = "gnu++14";
				CLANG_CXX_LIBRARY = "libc++";
				CLANG_ENABLE_MODULES = YES;
				CLANG_ENABLE_OBJC_ARC = YES;
				CLANG_ENABLE_OBJC_WEAK = YES;
				CLANG_WARN_BLOCK_CAPTURE_AUTORELEASING = YES;
				CLANG_WARN_BOOL_CONVERSION = YES;
				CLANG_WARN_COMMA = YES;
				CLANG_WARN_CONSTANT_CONVERSION = YES;
				CLANG_WARN_DEPRECATED_OBJC_IMPLEMENTATIONS = YES;
				CLANG_WARN_DIRECT_OBJC_ISA_USAGE = YES_ERROR;
				CLANG_WARN_DOCUMENTATION_COMMENTS = YES;
				CLANG_WARN_EMPTY_BODY = YES;
				CLANG_WARN_ENUM_CONVERSION = YES;
				CLANG_WARN_INFINITE_RECURSION = YES;
				CLANG_WARN_INT_CONVERSION = YES;
				CLANG_WARN_NON_LITERAL_NULL_CONVERSION = YES;
				CLANG_WARN_OBJC_IMPLICIT_RETAIN_SELF = YES;
				CLANG_WARN_OBJC_LITERAL_CONVERSION = YES;
				CLANG_WARN_OBJC_ROOT_CLASS = YES_ERROR;
				CLANG_WARN_RANGE_LOOP_ANALYSIS = YES;
				CLANG_WARN_STRICT_PROTOTYPES = YES;
				CLANG_WARN_SUSPICIOUS_MOVE = YES;
				CLANG_WARN_UNGUARDED_AVAILABILITY = YES_AGGRESSIVE;
				CLANG_WARN_UNREACHABLE_CODE = YES;
				CLANG_WARN__DUPLICATE_METHOD_MATCH = YES;
				CODE_SIGN_IDENTITY = "iPhone Developer";
				COPY_PHASE_STRIP = NO;
				DEBUG_INFORMATION_FORMAT = "dwarf-with-dsym";
				ENABLE_NS_ASSERTIONS = NO;
				ENABLE_STRICT_OBJC_MSGSEND = YES;
				GCC_C_LANGUAGE_STANDARD = gnu11;
				GCC_NO_COMMON_BLOCKS = YES;
				GCC_WARN_64_TO_32_BIT_CONVERSION = YES;
				GCC_WARN_ABOUT_RETURN_TYPE = YES_ERROR;
				GCC_WARN_UNDECLARED_SELECTOR = YES;
				GCC_WARN_UNINITIALIZED_AUTOS = YES_AGGRESSIVE;
				GCC_WARN_UNUSED_FUNCTION = YES;
				GCC_WARN_UNUSED_VARIABLE = YES;
				IPHONEOS_DEPLOYMENT_TARGET = 12.2;
				MTL_ENABLE_DEBUG_INFO = NO;
				MTL_FAST_MATH = YES;
				SDKROOT = iphoneos;
				SWIFT_COMPILATION_MODE = wholemodule;
				SWIFT_OPTIMIZATION_LEVEL = "-O";
				VALIDATE_PRODUCT = YES;
			};
			name = Release;
		};
		70A77084228A9CFF00A08A99 /* Debug */ = {
			isa = XCBuildConfiguration;
			buildSettings = {
				ASSETCATALOG_COMPILER_APPICON_NAME = AppIcon;
				CODE_SIGN_STYLE = Automatic;
				DEVELOPMENT_TEAM = PM9Q92D2LG;
				INFOPLIST_FILE = "$(SRCROOT)/Info.plist";
				LD_RUNPATH_SEARCH_PATHS = (
					"$(inherited)",
					"@executable_path/Frameworks",
				);
				PRODUCT_BUNDLE_IDENTIFIER = JaceJoseph.AngerTracker;
				PRODUCT_NAME = "$(TARGET_NAME)";
				SWIFT_VERSION = 5.0;
				TARGETED_DEVICE_FAMILY = "1,2";
			};
			name = Debug;
		};
		70A77085228A9CFF00A08A99 /* Release */ = {
			isa = XCBuildConfiguration;
			buildSettings = {
				ASSETCATALOG_COMPILER_APPICON_NAME = AppIcon;
				CODE_SIGN_STYLE = Automatic;
				DEVELOPMENT_TEAM = PM9Q92D2LG;
				INFOPLIST_FILE = "$(SRCROOT)/Info.plist";
				LD_RUNPATH_SEARCH_PATHS = (
					"$(inherited)",
					"@executable_path/Frameworks",
				);
				PRODUCT_BUNDLE_IDENTIFIER = JaceJoseph.AngerTracker;
				PRODUCT_NAME = "$(TARGET_NAME)";
				SWIFT_VERSION = 5.0;
				TARGETED_DEVICE_FAMILY = "1,2";
			};
			name = Release;
		};
/* End XCBuildConfiguration section */

/* Begin XCConfigurationList section */
		70A7706C228A9CFC00A08A99 /* Build configuration list for PBXProject "AngerTracker" */ = {
			isa = XCConfigurationList;
			buildConfigurations = (
				70A77081228A9CFF00A08A99 /* Debug */,
				70A77082228A9CFF00A08A99 /* Release */,
			);
			defaultConfigurationIsVisible = 0;
			defaultConfigurationName = Release;
		};
		70A77083228A9CFF00A08A99 /* Build configuration list for PBXNativeTarget "AngerTracker" */ = {
			isa = XCConfigurationList;
			buildConfigurations = (
				70A77084228A9CFF00A08A99 /* Debug */,
				70A77085228A9CFF00A08A99 /* Release */,
			);
			defaultConfigurationIsVisible = 0;
			defaultConfigurationName = Release;
		};
/* End XCConfigurationList section */
	};
	rootObject = 70A77069228A9CFC00A08A99 /* Project object */;
}
